
Microsoft Visual Studio Solution File, Format Version 12.00
# Visual Studio 15
VisualStudioVersion = 15.0.27703.2047
MinimumVisualStudioVersion = 10.0.40219.1
Project("{FAE04EC0-301F-11D3-BF4B-00C04F79EFBC}") = "DefuncBDB", "DefuncBDB\DefuncBDB.csproj", "{C0D9F26D-472D-4081-9677-376879915E0D}"
EndProject
Global
	GlobalSection(SolutionConfigurationPlatforms) = preSolution
		Debug|Any CPU = Debug|Any CPU
		Release|Any CPU = Release|Any CPU
	EndGlobalSection
	GlobalSection(ProjectConfigurationPlatforms) = postSolution
		{C0D9F26D-472D-4081-9677-376879915E0D}.Debug|Any CPU.ActiveCfg = Debug|Any CPU
		{C0D9F26D-472D-4081-9677-376879915E0D}.Debug|Any CPU.Build.0 = Debug|Any CPU
		{C0D9F26D-472D-4081-9677-376879915E0D}.Release|Any CPU.ActiveCfg = Release|Any CPU
		{C0D9F26D-472D-4081-9677-376879915E0D}.Release|Any CPU.Build.0 = Release|Any CPU
	EndGlobalSection
	GlobalSection(SolutionProperties) = preSolution
		HideSolutionNode = FALSE
	EndGlobalSection
	GlobalSection(ExtensibilityGlobals) = postSolution
		SolutionGuid = {90C5782A-6A26-4008-B12F-AAA12C4AFA15}
	EndGlobalSection
EndGlobal
